
Microsoft Visual Studio Solution File, Format Version 12.00
# Visual Studio Version 16
VisualStudioVersion = 16.0.30503.244
MinimumVisualStudioVersion = 10.0.40219.1
Project("{9A19103F-16F7-4668-BE54-9A1E7A4F7556}") = "leverus_otp", "leverus_otp.csproj", "{D1EA76B2-DE45-4052-960A-DCEA7D7932F0}"
EndProject
Project("{FAE04EC0-301F-11D3-BF4B-00C04F79EFBC}") = "LogicData", "..\LogicData\LogicData.csproj", "{77DDE35A-5EE7-425D-97A0-EAE5A2C7CC47}"
EndProject
Global
	GlobalSection(SolutionConfigurationPlatforms) = preSolution
		Debug|Any CPU = Debug|Any CPU
		Release|Any CPU = Release|Any CPU
	EndGlobalSection
	GlobalSection(ProjectConfigurationPlatforms) = postSolution
		{D1EA76B2-DE45-4052-960A-DCEA7D7932F0}.Debug|Any CPU.ActiveCfg = Debug|Any CPU
		{D1EA76B2-DE45-4052-960A-DCEA7D7932F0}.Debug|Any CPU.Build.0 = Debug|Any CPU
		{D1EA76B2-DE45-4052-960A-DCEA7D7932F0}.Release|Any CPU.ActiveCfg = Release|Any CPU
		{D1EA76B2-DE45-4052-960A-DCEA7D7932F0}.Release|Any CPU.Build.0 = Release|Any CPU
		{77DDE35A-5EE7-425D-97A0-EAE5A2C7CC47}.Debug|Any CPU.ActiveCfg = Debug|Any CPU
		{77DDE35A-5EE7-425D-97A0-EAE5A2C7CC47}.Debug|Any CPU.Build.0 = Debug|Any CPU
		{77DDE35A-5EE7-425D-97A0-EAE5A2C7CC47}.Release|Any CPU.ActiveCfg = Release|Any CPU
		{77DDE35A-5EE7-425D-97A0-EAE5A2C7CC47}.Release|Any CPU.Build.0 = Release|Any CPU
	EndGlobalSection
	GlobalSection(SolutionProperties) = preSolution
		HideSolutionNode = FALSE
	EndGlobalSection
	GlobalSection(ExtensibilityGlobals) = postSolution
		SolutionGuid = {5BC848EB-FAA3-4BC0-BAD7-DE795D6F7CFB}
	EndGlobalSection
EndGlobal
