
Microsoft Visual Studio Solution File, Format Version 12.00
# Visual Studio Version 16
VisualStudioVersion = 16.0.30503.244
MinimumVisualStudioVersion = 10.0.40219.1
Project("{FAE04EC0-301F-11D3-BF4B-00C04F79EFBC}") = "leverus_otp", "leverus_otp.csproj", "{D1EA76B2-DE45-4052-960A-DCEA7D7932F0}"
EndProject
Global
	GlobalSection(SolutionConfigurationPlatforms) = preSolution
		Debug|Any CPU = Debug|Any CPU
		Release|Any CPU = Release|Any CPU
	EndGlobalSection
	GlobalSection(ProjectConfigurationPlatforms) = postSolution
		{D1EA76B2-DE45-4052-960A-DCEA7D7932F0}.Debug|Any CPU.ActiveCfg = Debug|Any CPU
		{D1EA76B2-DE45-4052-960A-DCEA7D7932F0}.Debug|Any CPU.Build.0 = Debug|Any CPU
		{D1EA76B2-DE45-4052-960A-DCEA7D7932F0}.Release|Any CPU.ActiveCfg = Release|Any CPU
		{D1EA76B2-DE45-4052-960A-DCEA7D7932F0}.Release|Any CPU.Build.0 = Release|Any CPU
	EndGlobalSection
	GlobalSection(SolutionProperties) = preSolution
		HideSolutionNode = FALSE
	EndGlobalSection
	GlobalSection(ExtensibilityGlobals) = postSolution
		SolutionGuid = {5BC848EB-FAA3-4BC0-BAD7-DE795D6F7CFB}
	EndGlobalSection
EndGlobal
